// !$*UTF8*$!
{
	archiveVersion = 1;
	classes = {
	};
	objectVersion = 46;
	objects = {

/* Begin PBXBuildFile section */
		1BA5652C1CD2B85A00DD87AE /* main.m in Sources */ = {isa = PBXBuildFile; fileRef = 1BA5652B1CD2B85A00DD87AE /* main.m */; };
		1BA565331CD2B89000DD87AE /* libreadline.tbd in Frameworks */ = {isa = PBXBuildFile; fileRef = 1BA565321CD2B89000DD87AE /* libreadline.tbd */; };
/* End PBXBuildFile section */

/* Begin PBXCopyFilesBuildPhase section */
		1BA565261CD2B85A00DD87AE /* CopyFiles */ = {
			isa = PBXCopyFilesBuildPhase;
			buildActionMask = 2147483647;
			dstPath = /usr/share/man/man1/;
			dstSubfolderSpec = 0;
			files = (
			);
			runOnlyForDeploymentPostprocessing = 1;
		};
/* End PBXCopyFilesBuildPhase section */

/* Begin PBXFileReference section */
		1BA565281CD2B85A00DD87AE /* BNRChapter16-NSString */ = {isa = PBXFileReference; explicitFileType = "compiled.mach-o.executable"; includeInIndex = 0; path = "BNRChapter16-NSString"; sourceTree = BUILT_PRODUCTS_DIR; };
		1BA5652B1CD2B85A00DD87AE /* main.m */ = {isa = PBXFileReference; lastKnownFileType = sourcecode.c.objc; path = main.m; sourceTree = "<group>"; };
		1BA565321CD2B89000DD87AE /* libreadline.tbd */ = {isa = PBXFileReference; lastKnownFileType = "sourcecode.text-based-dylib-definition"; name = libreadline.tbd; path = usr/lib/libreadline.tbd; sourceTree = SDKROOT; };
/* End PBXFileReference section */

/* Begin PBXFrameworksBuildPhase section */
		1BA565251CD2B85A00DD87AE /* Frameworks */ = {
			isa = PBXFrameworksBuildPhase;
			buildActionMask = 2147483647;
			files = (
				1BA565331CD2B89000DD87AE /* libreadline.tbd in Frameworks */,
			);
			runOnlyForDeploymentPostprocessing = 0;
		};
/* End PBXFrameworksBuildPhase section */

/* Begin PBXGroup section */
		1BA5651F1CD2B85A00DD87AE = {
			isa = PBXGroup;
			children = (
				1BA565321CD2B89000DD87AE /* libreadline.tbd */,
				1BA5652A1CD2B85A00DD87AE /* BNRChapter16-NSString */,
				1BA565291CD2B85A00DD87AE /* Products */,
			);
			sourceTree = "<group>";
		};
		1BA565291CD2B85A00DD87AE /* Products */ = {
			isa = PBXGroup;
			children = (
				1BA565281CD2B85A00DD87AE /* BNRChapter16-NSString */,
			);
			name = Products;
			sourceTree = "<group>";
		};
		1BA5652A1CD2B85A00DD87AE /* BNRChapter16-NSString */ = {
			isa = PBXGroup;
			children = (
				1BA5652B1CD2B85A00DD87AE /* main.m */,
			);
			path = "BNRChapter16-NSString";
			sourceTree = "<group>";
		};
/* End PBXGroup section */

/* Begin PBXNativeTarget section */
		1BA565271CD2B85A00DD87AE /* BNRChapter16-NSString */ = {
			isa = PBXNativeTarget;
			buildConfigurationList = 1BA5652F1CD2B85A00DD87AE /* Build configuration list for PBXNativeTarget "BNRChapter16-NSString" */;
			buildPhases = (
				1BA565241CD2B85A00DD87AE /* Sources */,
				1BA565251CD2B85A00DD87AE /* Frameworks */,
				1BA565261CD2B85A00DD87AE /* CopyFiles */,
			);
			buildRules = (
			);
			dependencies = (
			);
			name = "BNRChapter16-NSString";
			productName = "BNRChapter16-NSString";
			productReference = 1BA565281CD2B85A00DD87AE /* BNRChapter16-NSString */;
			productType = "com.apple.product-type.tool";
		};
/* End PBXNativeTarget section */

/* Begin PBXProject section */
		1BA565201CD2B85A00DD87AE /* Project object */ = {
			isa = PBXProject;
			attributes = {
				LastUpgradeCheck = 0730;
				ORGANIZATIONNAME = "RYAN ROSELLO";
				TargetAttributes = {
					1BA565271CD2B85A00DD87AE = {
						CreatedOnToolsVersion = 7.3;
					};
				};
			};
			buildConfigurationList = 1BA565231CD2B85A00DD87AE /* Build configuration list for PBXProject "BNRChapter16-NSString" */;
			compatibilityVersion = "Xcode 3.2";
			developmentRegion = English;
			hasScannedForEncodings = 0;
			knownRegions = (
				en,
			);
			mainGroup = 1BA5651F1CD2B85A00DD87AE;
			productRefGroup = 1BA565291CD2B85A00DD87AE /* Products */;
			projectDirPath = "";
			projectRoot = "";
			targets = (
				1BA565271CD2B85A00DD87AE /* BNRChapter16-NSString */,
			);
		};
/* End PBXProject section */

/* Begin PBXSourcesBuildPhase section */
		1BA565241CD2B85A00DD87AE /* Sources */ = {
			isa = PBXSourcesBuildPhase;
			buildActionMask = 2147483647;
			files = (
				1BA5652C1CD2B85A00DD87AE /* main.m in Sources */,
			);
			runOnlyForDeploymentPostprocessing = 0;
		};
/* End PBXSourcesBuildPhase section */

/* Begin XCBuildConfiguration section */
		1BA5652D1CD2B85A00DD87AE /* Debug */ = {
			isa = XCBuildConfiguration;
			buildSettings = {
				ALWAYS_SEARCH_USER_PATHS = NO;
				CLANG_ANALYZER_NONNULL = YES;
				CLANG_CXX_LANGUAGE_STANDARD = "gnu++0x";
				CLANG_CXX_LIBRARY = "libc++";
				CLANG_ENABLE_MODULES = YES;
				CLANG_ENABLE_OBJC_ARC = YES;
				CLANG_WARN_BOOL_CONVERSION = YES;
				CLANG_WARN_CONSTANT_CONVERSION = YES;
				CLANG_WARN_DIRECT_OBJC_ISA_USAGE = YES_ERROR;
				CLANG_WARN_EMPTY_BODY = YES;
				CLANG_WARN_ENUM_CONVERSION = YES;
				CLANG_WARN_INT_CONVERSION = YES;
				CLANG_WARN_OBJC_ROOT_CLASS = YES_ERROR;
				CLANG_WARN_UNREACHABLE_CODE = YES;
				CLANG_WARN__DUPLICATE_METHOD_MATCH = YES;
				CODE_SIGN_IDENTITY = "-";
				COPY_PHASE_STRIP = NO;
				DEBUG_INFORMATION_FORMAT = dwarf;
				ENABLE_STRICT_OBJC_MSGSEND = YES;
				ENABLE_TESTABILITY = YES;
				GCC_C_LANGUAGE_STANDARD = gnu99;
				GCC_DYNAMIC_NO_PIC = NO;
				GCC_NO_COMMON_BLOCKS = YES;
				GCC_OPTIMIZATION_LEVEL = 0;
				GCC_PREPROCESSOR_DEFINITIONS = (
					"DEBUG=1",
					"$(inherited)",
				);
				GCC_WARN_64_TO_32_BIT_CONVERSION = YES;
				GCC_WARN_ABOUT_RETURN_TYPE = YES_ERROR;
				GCC_WARN_UNDECLARED_SELECTOR = YES;
				GCC_WARN_UNINITIALIZED_AUTOS = YES_AGGRESSIVE;
				GCC_WARN_UNUSED_FUNCTION = YES;
				GCC_WARN_UNUSED_VARIABLE = YES;
				MACOSX_DEPLOYMENT_TARGET = 10.11;
				MTL_ENABLE_DEBUG_INFO = YES;
				ONLY_ACTIVE_ARCH = YES;
				SDKROOT = macosx;
			};
			name = Debug;
		};
		1BA5652E1CD2B85A00DD87AE /* Release */ = {
			isa = XCBuildConfiguration;
			buildSettings = {
				ALWAYS_SEARCH_USER_PATHS = NO;
				CLANG_ANALYZER_NONNULL = YES;
				CLANG_CXX_LANGUAGE_STANDARD = "gnu++0x";
				CLANG_CXX_LIBRARY = "libc++";
				CLANG_ENABLE_MODULES = YES;
				CLANG_ENABLE_OBJC_ARC = YES;
				CLANG_WARN_BOOL_CONVERSION = YES;
				CLANG_WARN_CONSTANT_CONVERSION = YES;
				CLANG_WARN_DIRECT_OBJC_ISA_USAGE = YES_ERROR;
				CLANG_WARN_EMPTY_BODY = YES;
				CLANG_WARN_ENUM_CONVERSION = YES;
				CLANG_WARN_INT_CONVERSION = YES;
				CLANG_WARN_OBJC_ROOT_CLASS = YES_ERROR;
				CLANG_WARN_UNREACHABLE_CODE = YES;
				CLANG_WARN__DUPLICATE_METHOD_MATCH = YES;
				CODE_SIGN_IDENTITY = "-";
				COPY_PHASE_STRIP = NO;
				DEBUG_INFORMATION_FORMAT = "dwarf-with-dsym";
				ENABLE_NS_ASSERTIONS = NO;
				ENABLE_STRICT_OBJC_MSGSEND = YES;
				GCC_C_LANGUAGE_STANDARD = gnu99;
				GCC_NO_COMMON_BLOCKS = YES;
				GCC_WARN_64_TO_32_BIT_CONVERSION = YES;
				GCC_WARN_ABOUT_RETURN_TYPE = YES_ERROR;
				GCC_WARN_UNDECLARED_SELECTOR = YES;
				GCC_WARN_UNINITIALIZED_AUTOS = YES_AGGRESSIVE;
				GCC_WARN_UNUSED_FUNCTION = YES;
				GCC_WARN_UNUSED_VARIABLE = YES;
				MACOSX_DEPLOYMENT_TARGET = 10.11;
				MTL_ENABLE_DEBUG_INFO = NO;
				SDKROOT = macosx;
			};
			name = Release;
		};
		1BA565301CD2B85A00DD87AE /* Debug */ = {
			isa = XCBuildConfiguration;
			buildSettings = {
				PRODUCT_NAME = "$(TARGET_NAME)";
			};
			name = Debug;
		};
		1BA565311CD2B85A00DD87AE /* Release */ = {
			isa = XCBuildConfiguration;
			buildSettings = {
				PRODUCT_NAME = "$(TARGET_NAME)";
			};
			name = Release;
		};
/* End XCBuildConfiguration section */

/* Begin XCConfigurationList section */
		1BA565231CD2B85A00DD87AE /* Build configuration list for PBXProject "BNRChapter16-NSString" */ = {
			isa = XCConfigurationList;
			buildConfigurations = (
				1BA5652D1CD2B85A00DD87AE /* Debug */,
				1BA5652E1CD2B85A00DD87AE /* Release */,
			);
			defaultConfigurationIsVisible = 0;
			defaultConfigurationName = Release;
		};
		1BA5652F1CD2B85A00DD87AE /* Build configuration list for PBXNativeTarget "BNRChapter16-NSString" */ = {
			isa = XCConfigurationList;
			buildConfigurations = (
				1BA565301CD2B85A00DD87AE /* Debug */,
				1BA565311CD2B85A00DD87AE /* Release */,
			);
			defaultConfigurationIsVisible = 0;
		};
/* End XCConfigurationList section */
	};
	rootObject = 1BA565201CD2B85A00DD87AE /* Project object */;
}
